
Microsoft Visual Studio Solution File, Format Version 12.00
# Visual Studio Version 17
VisualStudioVersion = 17.7.34202.233
MinimumVisualStudioVersion = 10.0.40219.1
Project("{FAE04EC0-301F-11D3-BF4B-00C04F79EFBC}") = "bdExercicio", "bdExercicio\bdExercicio.csproj", "{83F25AE0-0706-472A-913A-77E1B1F8E021}"
EndProject
Global
	GlobalSection(SolutionConfigurationPlatforms) = preSolution
		Debug|Any CPU = Debug|Any CPU
		Release|Any CPU = Release|Any CPU
	EndGlobalSection
	GlobalSection(ProjectConfigurationPlatforms) = postSolution
		{83F25AE0-0706-472A-913A-77E1B1F8E021}.Debug|Any CPU.ActiveCfg = Debug|Any CPU
		{83F25AE0-0706-472A-913A-77E1B1F8E021}.Debug|Any CPU.Build.0 = Debug|Any CPU
		{83F25AE0-0706-472A-913A-77E1B1F8E021}.Release|Any CPU.ActiveCfg = Release|Any CPU
		{83F25AE0-0706-472A-913A-77E1B1F8E021}.Release|Any CPU.Build.0 = Release|Any CPU
	EndGlobalSection
	GlobalSection(SolutionProperties) = preSolution
		HideSolutionNode = FALSE
	EndGlobalSection
	GlobalSection(ExtensibilityGlobals) = postSolution
		SolutionGuid = {0A388699-CB8F-4D35-9821-733B078578EC}
	EndGlobalSection
EndGlobal
